google.golang.org/grpc/cmd/protoc-gen-go-grpc v1.6.0 h1:6Al3kEFFP9VJhRz3DID6quisgPnTeZVr4lep9kkxdPA=
google.golang.org/grpc/cmd/protoc-gen-go-grpc v1.6.0/go.mod h1:QLvsjh0OIR0TYBeiu2bkWGTJBUNQ64st52iWj/yA93I=
google.golang.org/protobuf v1.36.11 h1:fV6ZwhNocDyBLK0dj+fg8ektcVegBBuEolpbTQyBNVE=
google.golang.org/protobuf v1.36.11/go.mod h1:HTf+CrKn2C3g5S8VImy6tdcUvCska2kB7j23XfzDpco=
